// !$*UTF8*$!
{
	archiveVersion = 1;
	classes = {
	};
	objectVersion = 46;
	objects = {

/* Begin PBXBuildFile section */
		5E7AB09A1D64D3E200F985A4 /* Assets.xcassets in Resources */ = {isa = PBXBuildFile; fileRef = 5E7AB0991D64D3E200F985A4 /* Assets.xcassets */; };
		5E7AB0A11D64D3E200F985A4 /* MessagesExtension.appex in Embed App Extensions */ = {isa = PBXBuildFile; fileRef = 5E7AB0A01D64D3E200F985A4 /* MessagesExtension.appex */; settings = {ATTRIBUTES = (RemoveHeadersOnCopy, ); }; };
		5E7AB0A61D64D3E200F985A4 /* Messages.framework in Frameworks */ = {isa = PBXBuildFile; fileRef = 5E7AB0A51D64D3E200F985A4 /* Messages.framework */; };
		5E7AB0A91D64D3E200F985A4 /* MessagesViewController.swift in Sources */ = {isa = PBXBuildFile; fileRef = 5E7AB0A81D64D3E200F985A4 /* MessagesViewController.swift */; };
		5E7AB0AC1D64D3E200F985A4 /* MainInterface.storyboard in Resources */ = {isa = PBXBuildFile; fileRef = 5E7AB0AA1D64D3E200F985A4 /* MainInterface.storyboard */; };
		5E7AB0AE1D64D3E200F985A4 /* Assets.xcassets in Resources */ = {isa = PBXBuildFile; fileRef = 5E7AB0AD1D64D3E200F985A4 /* Assets.xcassets */; };
		A9CD6EDC3A794E68D4B0DE7F /* Pods_MessagesExtension.framework in Frameworks */ = {isa = PBXBuildFile; fileRef = F15091FB3CE768AE216D06A4 /* Pods_MessagesExtension.framework */; };
		AD0CCD3D3C0A52995174EBB3 /* Pods_Artsy_Stickers.framework in Frameworks */ = {isa = PBXBuildFile; fileRef = 22E9E757B35FD88B56D32E1D /* Pods_Artsy_Stickers.framework */; };
/* End PBXBuildFile section */

/* Begin PBXContainerItemProxy section */
		5E7AB0A21D64D3E200F985A4 /* PBXContainerItemProxy */ = {
			isa = PBXContainerItemProxy;
			containerPortal = 5E7AB0901D64D3E200F985A4 /* Project object */;
			proxyType = 1;
			remoteGlobalIDString = 5E7AB09F1D64D3E200F985A4;
			remoteInfo = MessagesExtension;
		};
/* End PBXContainerItemProxy section */

/* Begin PBXCopyFilesBuildPhase section */
		5E7AB0B51D64D3E200F985A4 /* Embed App Extensions */ = {
			isa = PBXCopyFilesBuildPhase;
			buildActionMask = 2147483647;
			dstPath = "";
			dstSubfolderSpec = 13;
			files = (
				5E7AB0A11D64D3E200F985A4 /* MessagesExtension.appex in Embed App Extensions */,
			);
			name = "Embed App Extensions";
			runOnlyForDeploymentPostprocessing = 0;
		};
/* End PBXCopyFilesBuildPhase section */

/* Begin PBXFileReference section */
		0236A649504BFEB0949BE567 /* Pods-MessagesExtension.release.xcconfig */ = {isa = PBXFileReference; includeInIndex = 1; lastKnownFileType = text.xcconfig; name = "Pods-MessagesExtension.release.xcconfig"; path = "Pods/Target Support Files/Pods-MessagesExtension/Pods-MessagesExtension.release.xcconfig"; sourceTree = "<group>"; };
		22E9E757B35FD88B56D32E1D /* Pods_Artsy_Stickers.framework */ = {isa = PBXFileReference; explicitFileType = wrapper.framework; includeInIndex = 0; path = Pods_Artsy_Stickers.framework; sourceTree = BUILT_PRODUCTS_DIR; };
		5E7AB0961D64D3E200F985A4 /* Artsy Stickers.app */ = {isa = PBXFileReference; explicitFileType = wrapper.application; includeInIndex = 0; path = "Artsy Stickers.app"; sourceTree = BUILT_PRODUCTS_DIR; };
		5E7AB0991D64D3E200F985A4 /* Assets.xcassets */ = {isa = PBXFileReference; lastKnownFileType = folder.assetcatalog; path = Assets.xcassets; sourceTree = "<group>"; };
		5E7AB09B1D64D3E200F985A4 /* Info.plist */ = {isa = PBXFileReference; lastKnownFileType = text.plist.xml; path = Info.plist; sourceTree = "<group>"; };
		5E7AB0A01D64D3E200F985A4 /* MessagesExtension.appex */ = {isa = PBXFileReference; explicitFileType = "wrapper.app-extension"; includeInIndex = 0; path = MessagesExtension.appex; sourceTree = BUILT_PRODUCTS_DIR; };
		5E7AB0A51D64D3E200F985A4 /* Messages.framework */ = {isa = PBXFileReference; lastKnownFileType = wrapper.framework; name = Messages.framework; path = System/Library/Frameworks/Messages.framework; sourceTree = SDKROOT; };
		5E7AB0A81D64D3E200F985A4 /* MessagesViewController.swift */ = {isa = PBXFileReference; lastKnownFileType = sourcecode.swift; path = MessagesViewController.swift; sourceTree = "<group>"; };
		5E7AB0AB1D64D3E200F985A4 /* Base */ = {isa = PBXFileReference; lastKnownFileType = file.storyboard; name = Base; path = Base.lproj/MainInterface.storyboard; sourceTree = "<group>"; };
		5E7AB0AD1D64D3E200F985A4 /* Assets.xcassets */ = {isa = PBXFileReference; lastKnownFileType = folder.assetcatalog; path = Assets.xcassets; sourceTree = "<group>"; };
		5E7AB0AF1D64D3E200F985A4 /* Info.plist */ = {isa = PBXFileReference; lastKnownFileType = text.plist.xml; path = Info.plist; sourceTree = "<group>"; };
		BF4C366EF36F8EDF3B07F3E6 /* Pods-Artsy Stickers.release.xcconfig */ = {isa = PBXFileReference; includeInIndex = 1; lastKnownFileType = text.xcconfig; name = "Pods-Artsy Stickers.release.xcconfig"; path = "Pods/Target Support Files/Pods-Artsy Stickers/Pods-Artsy Stickers.release.xcconfig"; sourceTree = "<group>"; };
		D6E8F51268A0B35F930F193D /* Pods-Artsy Stickers.debug.xcconfig */ = {isa = PBXFileReference; includeInIndex = 1; lastKnownFileType = text.xcconfig; name = "Pods-Artsy Stickers.debug.xcconfig"; path = "Pods/Target Support Files/Pods-Artsy Stickers/Pods-Artsy Stickers.debug.xcconfig"; sourceTree = "<group>"; };
		DAB24D13444AA2DCAB96B011 /* Pods-MessagesExtension.debug.xcconfig */ = {isa = PBXFileReference; includeInIndex = 1; lastKnownFileType = text.xcconfig; name = "Pods-MessagesExtension.debug.xcconfig"; path = "Pods/Target Support Files/Pods-MessagesExtension/Pods-MessagesExtension.debug.xcconfig"; sourceTree = "<group>"; };
		F15091FB3CE768AE216D06A4 /* Pods_MessagesExtension.framework */ = {isa = PBXFileReference; explicitFileType = wrapper.framework; includeInIndex = 0; path = Pods_MessagesExtension.framework; sourceTree = BUILT_PRODUCTS_DIR; };
/* End PBXFileReference section */

/* Begin PBXFrameworksBuildPhase section */
		5E7AB09D1D64D3E200F985A4 /* Frameworks */ = {
			isa = PBXFrameworksBuildPhase;
			buildActionMask = 2147483647;
			files = (
				5E7AB0A61D64D3E200F985A4 /* Messages.framework in Frameworks */,
				A9CD6EDC3A794E68D4B0DE7F /* Pods_MessagesExtension.framework in Frameworks */,
			);
			runOnlyForDeploymentPostprocessing = 0;
		};
		98E5A0CDD239C88C45C0F264 /* Frameworks */ = {
			isa = PBXFrameworksBuildPhase;
			buildActionMask = 2147483647;
			files = (
				AD0CCD3D3C0A52995174EBB3 /* Pods_Artsy_Stickers.framework in Frameworks */,
			);
			runOnlyForDeploymentPostprocessing = 0;
		};
/* End PBXFrameworksBuildPhase section */

/* Begin PBXGroup section */
		5E7AB08F1D64D3E200F985A4 = {
			isa = PBXGroup;
			children = (
				5E7AB0981D64D3E200F985A4 /* Artsy Stickers */,
				5E7AB0A71D64D3E200F985A4 /* MessagesExtension */,
				5E7AB0A41D64D3E200F985A4 /* Frameworks */,
				5E7AB0971D64D3E200F985A4 /* Products */,
				72D2D588C9FC2A4A7E27B014 /* Pods */,
			);
			sourceTree = "<group>";
		};
		5E7AB0971D64D3E200F985A4 /* Products */ = {
			isa = PBXGroup;
			children = (
				5E7AB0961D64D3E200F985A4 /* Artsy Stickers.app */,
				5E7AB0A01D64D3E200F985A4 /* MessagesExtension.appex */,
			);
			name = Products;
			sourceTree = "<group>";
		};
		5E7AB0981D64D3E200F985A4 /* Artsy Stickers */ = {
			isa = PBXGroup;
			children = (
				5E7AB0991D64D3E200F985A4 /* Assets.xcassets */,
				5E7AB09B1D64D3E200F985A4 /* Info.plist */,
			);
			path = "Artsy Stickers";
			sourceTree = "<group>";
		};
		5E7AB0A41D64D3E200F985A4 /* Frameworks */ = {
			isa = PBXGroup;
			children = (
				5E7AB0A51D64D3E200F985A4 /* Messages.framework */,
				22E9E757B35FD88B56D32E1D /* Pods_Artsy_Stickers.framework */,
				F15091FB3CE768AE216D06A4 /* Pods_MessagesExtension.framework */,
			);
			name = Frameworks;
			sourceTree = "<group>";
		};
		5E7AB0A71D64D3E200F985A4 /* MessagesExtension */ = {
			isa = PBXGroup;
			children = (
				5E7AB0A81D64D3E200F985A4 /* MessagesViewController.swift */,
				5E7AB0AA1D64D3E200F985A4 /* MainInterface.storyboard */,
				5E7AB0AD1D64D3E200F985A4 /* Assets.xcassets */,
				5E7AB0AF1D64D3E200F985A4 /* Info.plist */,
			);
			path = MessagesExtension;
			sourceTree = "<group>";
		};
		72D2D588C9FC2A4A7E27B014 /* Pods */ = {
			isa = PBXGroup;
			children = (
				D6E8F51268A0B35F930F193D /* Pods-Artsy Stickers.debug.xcconfig */,
				BF4C366EF36F8EDF3B07F3E6 /* Pods-Artsy Stickers.release.xcconfig */,
				DAB24D13444AA2DCAB96B011 /* Pods-MessagesExtension.debug.xcconfig */,
				0236A649504BFEB0949BE567 /* Pods-MessagesExtension.release.xcconfig */,
			);
			name = Pods;
			sourceTree = "<group>";
		};
/* End PBXGroup section */

/* Begin PBXNativeTarget section */
		5E7AB0951D64D3E200F985A4 /* Artsy Stickers */ = {
			isa = PBXNativeTarget;
			buildConfigurationList = 5E7AB0B61D64D3E200F985A4 /* Build configuration list for PBXNativeTarget "Artsy Stickers" */;
			buildPhases = (
				418B834314F2FB9C2AFA7107 /* [CP] Check Pods Manifest.lock */,
				5E7AB0941D64D3E200F985A4 /* Resources */,
				5E7AB0B51D64D3E200F985A4 /* Embed App Extensions */,
				98E5A0CDD239C88C45C0F264 /* Frameworks */,
				B4ADD3F5E92090C6F8D03A2E /* [CP] Copy Pods Resources */,
			);
			buildRules = (
			);
			dependencies = (
				5E7AB0A31D64D3E200F985A4 /* PBXTargetDependency */,
			);
			name = "Artsy Stickers";
			productName = "Artsy Stickers";
			productReference = 5E7AB0961D64D3E200F985A4 /* Artsy Stickers.app */;
			productType = "com.apple.product-type.application.messages";
		};
		5E7AB09F1D64D3E200F985A4 /* MessagesExtension */ = {
			isa = PBXNativeTarget;
			buildConfigurationList = 5E7AB0B21D64D3E200F985A4 /* Build configuration list for PBXNativeTarget "MessagesExtension" */;
			buildPhases = (
				952A020C05E989437391CE33 /* [CP] Check Pods Manifest.lock */,
				5E7AB09C1D64D3E200F985A4 /* Sources */,
				5E7AB09D1D64D3E200F985A4 /* Frameworks */,
				5E7AB09E1D64D3E200F985A4 /* Resources */,
				CFAF410E3A6DC830FA80BD66 /* [CP] Copy Pods Resources */,
			);
			buildRules = (
			);
			dependencies = (
			);
			name = MessagesExtension;
			productName = MessagesExtension;
			productReference = 5E7AB0A01D64D3E200F985A4 /* MessagesExtension.appex */;
			productType = "com.apple.product-type.app-extension.messages";
		};
/* End PBXNativeTarget section */

/* Begin PBXProject section */
		5E7AB0901D64D3E200F985A4 /* Project object */ = {
			isa = PBXProject;
			attributes = {
				LastSwiftUpdateCheck = 0800;
				LastUpgradeCheck = 0800;
				ORGANIZATIONNAME = Artsy;
				TargetAttributes = {
					5E7AB0951D64D3E200F985A4 = {
						CreatedOnToolsVersion = 8.0;
						ProvisioningStyle = Automatic;
					};
					5E7AB09F1D64D3E200F985A4 = {
						CreatedOnToolsVersion = 8.0;
						ProvisioningStyle = Automatic;
					};
				};
			};
			buildConfigurationList = 5E7AB0931D64D3E200F985A4 /* Build configuration list for PBXProject "Artsy Stickers" */;
			compatibilityVersion = "Xcode 3.2";
			developmentRegion = English;
			hasScannedForEncodings = 0;
			knownRegions = (
				en,
				Base,
			);
			mainGroup = 5E7AB08F1D64D3E200F985A4;
			productRefGroup = 5E7AB0971D64D3E200F985A4 /* Products */;
			projectDirPath = "";
			projectRoot = "";
			targets = (
				5E7AB0951D64D3E200F985A4 /* Artsy Stickers */,
				5E7AB09F1D64D3E200F985A4 /* MessagesExtension */,
			);
		};
/* End PBXProject section */

/* Begin PBXResourcesBuildPhase section */
		5E7AB0941D64D3E200F985A4 /* Resources */ = {
			isa = PBXResourcesBuildPhase;
			buildActionMask = 2147483647;
			files = (
				5E7AB09A1D64D3E200F985A4 /* Assets.xcassets in Resources */,
			);
			runOnlyForDeploymentPostprocessing = 0;
		};
		5E7AB09E1D64D3E200F985A4 /* Resources */ = {
			isa = PBXResourcesBuildPhase;
			buildActionMask = 2147483647;
			files = (
				5E7AB0AE1D64D3E200F985A4 /* Assets.xcassets in Resources */,
				5E7AB0AC1D64D3E200F985A4 /* MainInterface.storyboard in Resources */,
			);
			runOnlyForDeploymentPostprocessing = 0;
		};
/* End PBXResourcesBuildPhase section */

/* Begin PBXShellScriptBuildPhase section */
		418B834314F2FB9C2AFA7107 /* [CP] Check Pods Manifest.lock */ = {
			isa = PBXShellScriptBuildPhase;
			buildActionMask = 2147483647;
			files = (
			);
			inputPaths = (
			);
			name = "[CP] Check Pods Manifest.lock";
			outputPaths = (
			);
			runOnlyForDeploymentPostprocessing = 0;
			shellPath = /bin/sh;
			shellScript = "diff \"${PODS_ROOT}/../Podfile.lock\" \"${PODS_ROOT}/Manifest.lock\" > /dev/null\nif [[ $? != 0 ]] ; then\n    cat << EOM\nerror: The sandbox is not in sync with the Podfile.lock. Run 'pod install' or update your CocoaPods installation.\nEOM\n    exit 1\nfi\n";
			showEnvVarsInLog = 0;
		};
		952A020C05E989437391CE33 /* [CP] Check Pods Manifest.lock */ = {
			isa = PBXShellScriptBuildPhase;
			buildActionMask = 2147483647;
			files = (
			);
			inputPaths = (
			);
			name = "[CP] Check Pods Manifest.lock";
			outputPaths = (
			);
			runOnlyForDeploymentPostprocessing = 0;
			shellPath = /bin/sh;
			shellScript = "diff \"${PODS_ROOT}/../Podfile.lock\" \"${PODS_ROOT}/Manifest.lock\" > /dev/null\nif [[ $? != 0 ]] ; then\n    cat << EOM\nerror: The sandbox is not in sync with the Podfile.lock. Run 'pod install' or update your CocoaPods installation.\nEOM\n    exit 1\nfi\n";
			showEnvVarsInLog = 0;
		};
		B4ADD3F5E92090C6F8D03A2E /* [CP] Copy Pods Resources */ = {
			isa = PBXShellScriptBuildPhase;
			buildActionMask = 2147483647;
			files = (
			);
			inputPaths = (
			);
			name = "[CP] Copy Pods Resources";
			outputPaths = (
			);
			runOnlyForDeploymentPostprocessing = 0;
			shellPath = /bin/sh;
			shellScript = "\"${SRCROOT}/Pods/Target Support Files/Pods-Artsy Stickers/Pods-Artsy Stickers-resources.sh\"\n";
			showEnvVarsInLog = 0;
		};
		CFAF410E3A6DC830FA80BD66 /* [CP] Copy Pods Resources */ = {
			isa = PBXShellScriptBuildPhase;
			buildActionMask = 2147483647;
			files = (
			);
			inputPaths = (
			);
			name = "[CP] Copy Pods Resources";
			outputPaths = (
			);
			runOnlyForDeploymentPostprocessing = 0;
			shellPath = /bin/sh;
			shellScript = "\"${SRCROOT}/Pods/Target Support Files/Pods-MessagesExtension/Pods-MessagesExtension-resources.sh\"\n";
			showEnvVarsInLog = 0;
		};
/* End PBXShellScriptBuildPhase section */

/* Begin PBXSourcesBuildPhase section */
		5E7AB09C1D64D3E200F985A4 /* Sources */ = {
			isa = PBXSourcesBuildPhase;
			buildActionMask = 2147483647;
			files = (
				5E7AB0A91D64D3E200F985A4 /* MessagesViewController.swift in Sources */,
			);
			runOnlyForDeploymentPostprocessing = 0;
		};
/* End PBXSourcesBuildPhase section */

/* Begin PBXTargetDependency section */
		5E7AB0A31D64D3E200F985A4 /* PBXTargetDependency */ = {
			isa = PBXTargetDependency;
			target = 5E7AB09F1D64D3E200F985A4 /* MessagesExtension */;
			targetProxy = 5E7AB0A21D64D3E200F985A4 /* PBXContainerItemProxy */;
		};
/* End PBXTargetDependency section */

/* Begin PBXVariantGroup section */
		5E7AB0AA1D64D3E200F985A4 /* MainInterface.storyboard */ = {
			isa = PBXVariantGroup;
			children = (
				5E7AB0AB1D64D3E200F985A4 /* Base */,
			);
			name = MainInterface.storyboard;
			sourceTree = "<group>";
		};
/* End PBXVariantGroup section */

/* Begin XCBuildConfiguration section */
		5E7AB0B01D64D3E200F985A4 /* Debug */ = {
			isa = XCBuildConfiguration;
			buildSettings = {
				ALWAYS_SEARCH_USER_PATHS = NO;
				CLANG_ANALYZER_NONNULL = YES;
				CLANG_CXX_LANGUAGE_STANDARD = "gnu++0x";
				CLANG_CXX_LIBRARY = "libc++";
				CLANG_ENABLE_MODULES = YES;
				CLANG_ENABLE_OBJC_ARC = YES;
				CLANG_WARN_BOOL_CONVERSION = YES;
				CLANG_WARN_CONSTANT_CONVERSION = YES;
				CLANG_WARN_DIRECT_OBJC_ISA_USAGE = YES_ERROR;
				CLANG_WARN_DOCUMENTATION_COMMENTS = YES;
				CLANG_WARN_EMPTY_BODY = YES;
				CLANG_WARN_ENUM_CONVERSION = YES;
				CLANG_WARN_INFINITE_RECURSION = YES;
				CLANG_WARN_INT_CONVERSION = YES;
				CLANG_WARN_OBJC_ROOT_CLASS = YES_ERROR;
				CLANG_WARN_SUSPICIOUS_MOVES = YES;
				CLANG_WARN_UNREACHABLE_CODE = YES;
				CLANG_WARN__DUPLICATE_METHOD_MATCH = YES;
				"CODE_SIGN_IDENTITY[sdk=iphoneos*]" = "iPhone Developer";
				COPY_PHASE_STRIP = NO;
				DEBUG_INFORMATION_FORMAT = dwarf;
				ENABLE_STRICT_OBJC_MSGSEND = YES;
				ENABLE_TESTABILITY = YES;
				GCC_C_LANGUAGE_STANDARD = gnu99;
				GCC_DYNAMIC_NO_PIC = NO;
				GCC_NO_COMMON_BLOCKS = YES;
				GCC_OPTIMIZATION_LEVEL = 0;
				GCC_PREPROCESSOR_DEFINITIONS = (
					"DEBUG=1",
					"$(inherited)",
				);
				GCC_WARN_64_TO_32_BIT_CONVERSION = YES;
				GCC_WARN_ABOUT_RETURN_TYPE = YES_ERROR;
				GCC_WARN_UNDECLARED_SELECTOR = YES;
				GCC_WARN_UNINITIALIZED_AUTOS = YES_AGGRESSIVE;
				GCC_WARN_UNUSED_FUNCTION = YES;
				GCC_WARN_UNUSED_VARIABLE = YES;
				IPHONEOS_DEPLOYMENT_TARGET = 10.0;
				MTL_ENABLE_DEBUG_INFO = YES;
				ONLY_ACTIVE_ARCH = YES;
				SDKROOT = iphoneos;
				SWIFT_ACTIVE_COMPILATION_CONDITIONS = DEBUG;
				SWIFT_OPTIMIZATION_LEVEL = "-Onone";
			};
			name = Debug;
		};
		5E7AB0B11D64D3E200F985A4 /* Release */ = {
			isa = XCBuildConfiguration;
			buildSettings = {
				ALWAYS_SEARCH_USER_PATHS = NO;
				CLANG_ANALYZER_NONNULL = YES;
				CLANG_CXX_LANGUAGE_STANDARD = "gnu++0x";
				CLANG_CXX_LIBRARY = "libc++";
				CLANG_ENABLE_MODULES = YES;
				CLANG_ENABLE_OBJC_ARC = YES;
				CLANG_WARN_BOOL_CONVERSION = YES;
				CLANG_WARN_CONSTANT_CONVERSION = YES;
				CLANG_WARN_DIRECT_OBJC_ISA_USAGE = YES_ERROR;
				CLANG_WARN_DOCUMENTATION_COMMENTS = YES;
				CLANG_WARN_EMPTY_BODY = YES;
				CLANG_WARN_ENUM_CONVERSION = YES;
				CLANG_WARN_INFINITE_RECURSION = YES;
				CLANG_WARN_INT_CONVERSION = YES;
				CLANG_WARN_OBJC_ROOT_CLASS = YES_ERROR;
				CLANG_WARN_SUSPICIOUS_MOVES = YES;
				CLANG_WARN_UNREACHABLE_CODE = YES;
				CLANG_WARN__DUPLICATE_METHOD_MATCH = YES;
				"CODE_SIGN_IDENTITY[sdk=iphoneos*]" = "iPhone Developer";
				COPY_PHASE_STRIP = NO;
				DEBUG_INFORMATION_FORMAT = "dwarf-with-dsym";
				ENABLE_NS_ASSERTIONS = NO;
				ENABLE_STRICT_OBJC_MSGSEND = YES;
				GCC_C_LANGUAGE_STANDARD = gnu99;
				GCC_NO_COMMON_BLOCKS = YES;
				GCC_WARN_64_TO_32_BIT_CONVERSION = YES;
				GCC_WARN_ABOUT_RETURN_TYPE = YES_ERROR;
				GCC_WARN_UNDECLARED_SELECTOR = YES;
				GCC_WARN_UNINITIALIZED_AUTOS = YES_AGGRESSIVE;
				GCC_WARN_UNUSED_FUNCTION = YES;
				GCC_WARN_UNUSED_VARIABLE = YES;
				IPHONEOS_DEPLOYMENT_TARGET = 10.0;
				MTL_ENABLE_DEBUG_INFO = NO;
				SDKROOT = iphoneos;
				SWIFT_OPTIMIZATION_LEVEL = "-Owholemodule";
				VALIDATE_PRODUCT = YES;
			};
			name = Release;
		};
		5E7AB0B31D64D3E200F985A4 /* Debug */ = {
			isa = XCBuildConfiguration;
			baseConfigurationReference = DAB24D13444AA2DCAB96B011 /* Pods-MessagesExtension.debug.xcconfig */;
			buildSettings = {
				ASSETCATALOG_COMPILER_APPICON_NAME = "iMessage App Icon";
				INFOPLIST_FILE = MessagesExtension/Info.plist;
				LD_RUNPATH_SEARCH_PATHS = "$(inherited) @executable_path/Frameworks @executable_path/../../Frameworks";
				PRODUCT_BUNDLE_IDENTIFIER = "net.artsy.Artsy-Stickers.MessagesExtension";
				PRODUCT_NAME = "$(TARGET_NAME)";
				SKIP_INSTALL = YES;
				SWIFT_VERSION = 3.0;
			};
			name = Debug;
		};
		5E7AB0B41D64D3E200F985A4 /* Release */ = {
			isa = XCBuildConfiguration;
			baseConfigurationReference = 0236A649504BFEB0949BE567 /* Pods-MessagesExtension.release.xcconfig */;
			buildSettings = {
				ASSETCATALOG_COMPILER_APPICON_NAME = "iMessage App Icon";
				INFOPLIST_FILE = MessagesExtension/Info.plist;
				LD_RUNPATH_SEARCH_PATHS = "$(inherited) @executable_path/Frameworks @executable_path/../../Frameworks";
				PRODUCT_BUNDLE_IDENTIFIER = "net.artsy.Artsy-Stickers.MessagesExtension";
				PRODUCT_NAME = "$(TARGET_NAME)";
				SKIP_INSTALL = YES;
				SWIFT_VERSION = 3.0;
			};
			name = Release;
		};
		5E7AB0B71D64D3E200F985A4 /* Debug */ = {
			isa = XCBuildConfiguration;
			baseConfigurationReference = D6E8F51268A0B35F930F193D /* Pods-Artsy Stickers.debug.xcconfig */;
			buildSettings = {
				ALWAYS_EMBED_SWIFT_STANDARD_LIBRARIES = YES;
				ASSETCATALOG_COMPILER_APPICON_NAME = AppIcon;
				INFOPLIST_FILE = "Artsy Stickers/Info.plist";
				PRODUCT_BUNDLE_IDENTIFIER = "net.artsy.Artsy-Stickers";
				PRODUCT_NAME = "$(TARGET_NAME)";
				SWIFT_VERSION = 3.0;
				TARGETED_DEVICE_FAMILY = "1,2";
			};
			name = Debug;
		};
		5E7AB0B81D64D3E200F985A4 /* Release */ = {
			isa = XCBuildConfiguration;
			baseConfigurationReference = BF4C366EF36F8EDF3B07F3E6 /* Pods-Artsy Stickers.release.xcconfig */;
			buildSettings = {
				ALWAYS_EMBED_SWIFT_STANDARD_LIBRARIES = YES;
				ASSETCATALOG_COMPILER_APPICON_NAME = AppIcon;
				INFOPLIST_FILE = "Artsy Stickers/Info.plist";
				PRODUCT_BUNDLE_IDENTIFIER = "net.artsy.Artsy-Stickers";
				PRODUCT_NAME = "$(TARGET_NAME)";
				SWIFT_VERSION = 3.0;
				TARGETED_DEVICE_FAMILY = "1,2";
			};
			name = Release;
		};
/* End XCBuildConfiguration section */

/* Begin XCConfigurationList section */
		5E7AB0931D64D3E200F985A4 /* Build configuration list for PBXProject "Artsy Stickers" */ = {
			isa = XCConfigurationList;
			buildConfigurations = (
				5E7AB0B01D64D3E200F985A4 /* Debug */,
				5E7AB0B11D64D3E200F985A4 /* Release */,
			);
			defaultConfigurationIsVisible = 0;
			defaultConfigurationName = Release;
		};
		5E7AB0B21D64D3E200F985A4 /* Build configuration list for PBXNativeTarget "MessagesExtension" */ = {
			isa = XCConfigurationList;
			buildConfigurations = (
				5E7AB0B31D64D3E200F985A4 /* Debug */,
				5E7AB0B41D64D3E200F985A4 /* Release */,
			);
			defaultConfigurationIsVisible = 0;
			defaultConfigurationName = Release;
		};
		5E7AB0B61D64D3E200F985A4 /* Build configuration list for PBXNativeTarget "Artsy Stickers" */ = {
			isa = XCConfigurationList;
			buildConfigurations = (
				5E7AB0B71D64D3E200F985A4 /* Debug */,
				5E7AB0B81D64D3E200F985A4 /* Release */,
			);
			defaultConfigurationIsVisible = 0;
			defaultConfigurationName = Release;
		};
/* End XCConfigurationList section */
	};
	rootObject = 5E7AB0901D64D3E200F985A4 /* Project object */;
}
